
Microsoft Visual Studio Solution File, Format Version 12.00
# Visual Studio Version 17
VisualStudioVersion = 17.0.31903.59
MinimumVisualStudioVersion = 10.0.40219.1
Project("{9A19103F-16F7-4668-BE54-9A1E7A4F7556}") = "MaximalSumOfElements", "Maximal sum of elements\MaximalSumOfElements.csproj", "{3F60DE57-217D-489E-919C-44B7163E6A69}"
EndProject
Project("{FAE04EC0-301F-11D3-BF4B-00C04F79EFBC}") = "MaximalSumOfElementsTests", "MaximalSumOfElementsTests\MaximalSumOfElementsTests.csproj", "{104E565C-2125-499A-9C9B-559AB051242E}"
EndProject
Global
	GlobalSection(SolutionConfigurationPlatforms) = preSolution
		Debug|Any CPU = Debug|Any CPU
		Release|Any CPU = Release|Any CPU
	EndGlobalSection
	GlobalSection(ProjectConfigurationPlatforms) = postSolution
		{3F60DE57-217D-489E-919C-44B7163E6A69}.Debug|Any CPU.ActiveCfg = Debug|Any CPU
		{3F60DE57-217D-489E-919C-44B7163E6A69}.Debug|Any CPU.Build.0 = Debug|Any CPU
		{3F60DE57-217D-489E-919C-44B7163E6A69}.Release|Any CPU.ActiveCfg = Release|Any CPU
		{3F60DE57-217D-489E-919C-44B7163E6A69}.Release|Any CPU.Build.0 = Release|Any CPU
		{104E565C-2125-499A-9C9B-559AB051242E}.Debug|Any CPU.ActiveCfg = Debug|Any CPU
		{104E565C-2125-499A-9C9B-559AB051242E}.Debug|Any CPU.Build.0 = Debug|Any CPU
		{104E565C-2125-499A-9C9B-559AB051242E}.Release|Any CPU.ActiveCfg = Release|Any CPU
		{104E565C-2125-499A-9C9B-559AB051242E}.Release|Any CPU.Build.0 = Release|Any CPU
	EndGlobalSection
	GlobalSection(SolutionProperties) = preSolution
		HideSolutionNode = FALSE
	EndGlobalSection
	GlobalSection(ExtensibilityGlobals) = postSolution
		SolutionGuid = {A4E91BC3-9746-4362-A945-4F437CF9F01C}
	EndGlobalSection
EndGlobal
